// !$*UTF8*$!
{
	archiveVersion = 1;
	classes = {
	};
	objectVersion = 50;
	objects = {

/* Begin PBXBuildFile section */
		138683A68560DCEC754788A0 /* Pods_cravethru.framework in Frameworks */ = {isa = PBXBuildFile; fileRef = F63A77B34BC579436491B7E2 /* Pods_cravethru.framework */; };
		1D95D5DA22FA43EF00494312 /* HomeViewController.swift in Sources */ = {isa = PBXBuildFile; fileRef = 1D95D5D922FA43EF00494312 /* HomeViewController.swift */; };
		1DA270EC22EF8651008B32A2 /* SignUp.storyboard in Resources */ = {isa = PBXBuildFile; fileRef = 1DA270EB22EF8651008B32A2 /* SignUp.storyboard */; };
		1DA270EE22F0BEA7008B32A2 /* LoginViewController.swift in Sources */ = {isa = PBXBuildFile; fileRef = 1DA270ED22F0BEA7008B32A2 /* LoginViewController.swift */; };
		1DA270F022F0BED5008B32A2 /* SignUpViewController.swift in Sources */ = {isa = PBXBuildFile; fileRef = 1DA270EF22F0BED5008B32A2 /* SignUpViewController.swift */; };
		1DA8026322F0D7DE001815BB /* GoogleService-Info.plist in Resources */ = {isa = PBXBuildFile; fileRef = 1DA8026522F0D7DE001815BB /* GoogleService-Info.plist */; };
		1DA8026722FA16A9001815BB /* TinderCard.swift in Sources */ = {isa = PBXBuildFile; fileRef = 1DA8026622FA16A9001815BB /* TinderCard.swift */; };
		208E8EB496D79A243DD44F58 /* Pods_cravethruTests.framework in Frameworks */ = {isa = PBXBuildFile; fileRef = 85554DC2CE24DF908B96EB40 /* Pods_cravethruTests.framework */; };
		280775C222ED2AF200167F51 /* BottomSheetTableViewCell.swift in Sources */ = {isa = PBXBuildFile; fileRef = 280775C022ED2AF200167F51 /* BottomSheetTableViewCell.swift */; };
		280775C322ED2AF200167F51 /* BottomSheetTableViewCell.xib in Resources */ = {isa = PBXBuildFile; fileRef = 280775C122ED2AF200167F51 /* BottomSheetTableViewCell.xib */; };
		286B472722D293D9007E3C51 /* AppDelegate.swift in Sources */ = {isa = PBXBuildFile; fileRef = 286B472622D293D9007E3C51 /* AppDelegate.swift */; };
		286B472C22D293D9007E3C51 /* Home.storyboard in Resources */ = {isa = PBXBuildFile; fileRef = 286B472A22D293D9007E3C51 /* Home.storyboard */; };
		286B472E22D293DA007E3C51 /* Assets.xcassets in Resources */ = {isa = PBXBuildFile; fileRef = 286B472D22D293DA007E3C51 /* Assets.xcassets */; };
		286B473122D293DA007E3C51 /* LaunchScreen.storyboard in Resources */ = {isa = PBXBuildFile; fileRef = 286B472F22D293DA007E3C51 /* LaunchScreen.storyboard */; };
		286B473C22D293DA007E3C51 /* cravethruTests.swift in Sources */ = {isa = PBXBuildFile; fileRef = 286B473B22D293DA007E3C51 /* cravethruTests.swift */; };
		286B474722D293DA007E3C51 /* cravethruUITests.swift in Sources */ = {isa = PBXBuildFile; fileRef = 286B474622D293DA007E3C51 /* cravethruUITests.swift */; };
		286B475522D29DF4007E3C51 /* Maps.storyboard in Resources */ = {isa = PBXBuildFile; fileRef = 286B475422D29DF4007E3C51 /* Maps.storyboard */; };
		286B476322DFFD9F007E3C51 /* MapsViewController.swift in Sources */ = {isa = PBXBuildFile; fileRef = 286B476222DFFD9F007E3C51 /* MapsViewController.swift */; };
		286B476622DFFDE7007E3C51 /* BottomSheetViewController.swift in Sources */ = {isa = PBXBuildFile; fileRef = 286B476422DFFDE7007E3C51 /* BottomSheetViewController.swift */; };
		286B476722DFFDE7007E3C51 /* BottomSheetViewController.xib in Resources */ = {isa = PBXBuildFile; fileRef = 286B476522DFFDE7007E3C51 /* BottomSheetViewController.xib */; };
		28C1F96222E0FE290077B2CA /* Login.storyboard in Resources */ = {isa = PBXBuildFile; fileRef = 1D7B60EE22DCE3160098DBB0 /* Login.storyboard */; };
		28E98CF922F79AED0024466F /* YelpAPI.swift in Sources */ = {isa = PBXBuildFile; fileRef = 28E98CF822F79AED0024466F /* YelpAPI.swift */; };
		4213BB8EBC6C81476531A06D /* Pods_cravethruUITests.framework in Frameworks */ = {isa = PBXBuildFile; fileRef = CCF759626E243BCEEB45C4D2 /* Pods_cravethruUITests.framework */; };
/* End PBXBuildFile section */

/* Begin PBXContainerItemProxy section */
		286B473822D293DA007E3C51 /* PBXContainerItemProxy */ = {
			isa = PBXContainerItemProxy;
			containerPortal = 286B471B22D293D9007E3C51 /* Project object */;
			proxyType = 1;
			remoteGlobalIDString = 286B472222D293D9007E3C51;
			remoteInfo = cravethru;
		};
		286B474322D293DA007E3C51 /* PBXContainerItemProxy */ = {
			isa = PBXContainerItemProxy;
			containerPortal = 286B471B22D293D9007E3C51 /* Project object */;
			proxyType = 1;
			remoteGlobalIDString = 286B472222D293D9007E3C51;
			remoteInfo = cravethru;
		};
/* End PBXContainerItemProxy section */

/* Begin PBXFileReference section */
		060E8714B949883088F79063 /* Pods-cravethru.release.xcconfig */ = {isa = PBXFileReference; includeInIndex = 1; lastKnownFileType = text.xcconfig; name = "Pods-cravethru.release.xcconfig"; path = "Pods/Target Support Files/Pods-cravethru/Pods-cravethru.release.xcconfig"; sourceTree = "<group>"; };
		1D7B60EE22DCE3160098DBB0 /* Login.storyboard */ = {isa = PBXFileReference; lastKnownFileType = file.storyboard; path = Login.storyboard; sourceTree = "<group>"; };
		1D95D5D922FA43EF00494312 /* HomeViewController.swift */ = {isa = PBXFileReference; lastKnownFileType = sourcecode.swift; path = HomeViewController.swift; sourceTree = "<group>"; };
		1DA270EB22EF8651008B32A2 /* SignUp.storyboard */ = {isa = PBXFileReference; lastKnownFileType = file.storyboard; path = SignUp.storyboard; sourceTree = "<group>"; };
		1DA270ED22F0BEA7008B32A2 /* LoginViewController.swift */ = {isa = PBXFileReference; lastKnownFileType = sourcecode.swift; path = LoginViewController.swift; sourceTree = "<group>"; };
		1DA270EF22F0BED5008B32A2 /* SignUpViewController.swift */ = {isa = PBXFileReference; lastKnownFileType = sourcecode.swift; path = SignUpViewController.swift; sourceTree = "<group>"; };
		1DA8026422F0D7DE001815BB /* Base */ = {isa = PBXFileReference; lastKnownFileType = text.plist.xml; name = Base; path = "Base.lproj/GoogleService-Info.plist"; sourceTree = "<group>"; };
		1DA8026622FA16A9001815BB /* TinderCard.swift */ = {isa = PBXFileReference; lastKnownFileType = sourcecode.swift; path = TinderCard.swift; sourceTree = "<group>"; };
		280775C022ED2AF200167F51 /* BottomSheetTableViewCell.swift */ = {isa = PBXFileReference; lastKnownFileType = sourcecode.swift; path = BottomSheetTableViewCell.swift; sourceTree = "<group>"; };
		280775C122ED2AF200167F51 /* BottomSheetTableViewCell.xib */ = {isa = PBXFileReference; lastKnownFileType = file.xib; path = BottomSheetTableViewCell.xib; sourceTree = "<group>"; };
		286B472322D293D9007E3C51 /* cravethru.app */ = {isa = PBXFileReference; explicitFileType = wrapper.application; includeInIndex = 0; path = cravethru.app; sourceTree = BUILT_PRODUCTS_DIR; };
		286B472622D293D9007E3C51 /* AppDelegate.swift */ = {isa = PBXFileReference; lastKnownFileType = sourcecode.swift; path = AppDelegate.swift; sourceTree = "<group>"; };
		286B472B22D293D9007E3C51 /* Base */ = {isa = PBXFileReference; lastKnownFileType = file.storyboard; name = Base; path = Base.lproj/Home.storyboard; sourceTree = "<group>"; };
		286B472D22D293DA007E3C51 /* Assets.xcassets */ = {isa = PBXFileReference; lastKnownFileType = folder.assetcatalog; path = Assets.xcassets; sourceTree = "<group>"; };
		286B473022D293DA007E3C51 /* Base */ = {isa = PBXFileReference; lastKnownFileType = file.storyboard; name = Base; path = Base.lproj/LaunchScreen.storyboard; sourceTree = "<group>"; };
		286B473222D293DA007E3C51 /* Info.plist */ = {isa = PBXFileReference; lastKnownFileType = text.plist.xml; path = Info.plist; sourceTree = "<group>"; };
		286B473722D293DA007E3C51 /* cravethruTests.xctest */ = {isa = PBXFileReference; explicitFileType = wrapper.cfbundle; includeInIndex = 0; path = cravethruTests.xctest; sourceTree = BUILT_PRODUCTS_DIR; };
		286B473B22D293DA007E3C51 /* cravethruTests.swift */ = {isa = PBXFileReference; lastKnownFileType = sourcecode.swift; path = cravethruTests.swift; sourceTree = "<group>"; };
		286B473D22D293DA007E3C51 /* Info.plist */ = {isa = PBXFileReference; lastKnownFileType = text.plist.xml; path = Info.plist; sourceTree = "<group>"; };
		286B474222D293DA007E3C51 /* cravethruUITests.xctest */ = {isa = PBXFileReference; explicitFileType = wrapper.cfbundle; includeInIndex = 0; path = cravethruUITests.xctest; sourceTree = BUILT_PRODUCTS_DIR; };
		286B474622D293DA007E3C51 /* cravethruUITests.swift */ = {isa = PBXFileReference; lastKnownFileType = sourcecode.swift; path = cravethruUITests.swift; sourceTree = "<group>"; };
		286B474822D293DA007E3C51 /* Info.plist */ = {isa = PBXFileReference; lastKnownFileType = text.plist.xml; path = Info.plist; sourceTree = "<group>"; };
		286B475422D29DF4007E3C51 /* Maps.storyboard */ = {isa = PBXFileReference; lastKnownFileType = file.storyboard; path = Maps.storyboard; sourceTree = "<group>"; };
		286B476222DFFD9F007E3C51 /* MapsViewController.swift */ = {isa = PBXFileReference; lastKnownFileType = sourcecode.swift; path = MapsViewController.swift; sourceTree = "<group>"; };
		286B476422DFFDE7007E3C51 /* BottomSheetViewController.swift */ = {isa = PBXFileReference; lastKnownFileType = sourcecode.swift; path = BottomSheetViewController.swift; sourceTree = "<group>"; };
		286B476522DFFDE7007E3C51 /* BottomSheetViewController.xib */ = {isa = PBXFileReference; lastKnownFileType = file.xib; path = BottomSheetViewController.xib; sourceTree = "<group>"; };
		28E98CF822F79AED0024466F /* YelpAPI.swift */ = {isa = PBXFileReference; fileEncoding = 4; lastKnownFileType = sourcecode.swift; path = YelpAPI.swift; sourceTree = "<group>"; };
		4067829F8A601F9C2DEA1BFF /* Pods-cravethruUITests.debug.xcconfig */ = {isa = PBXFileReference; includeInIndex = 1; lastKnownFileType = text.xcconfig; name = "Pods-cravethruUITests.debug.xcconfig"; path = "Pods/Target Support Files/Pods-cravethruUITests/Pods-cravethruUITests.debug.xcconfig"; sourceTree = "<group>"; };
		529FA672A6F2C6682E06DCAD /* Pods-cravethruTests.release.xcconfig */ = {isa = PBXFileReference; includeInIndex = 1; lastKnownFileType = text.xcconfig; name = "Pods-cravethruTests.release.xcconfig"; path = "Pods/Target Support Files/Pods-cravethruTests/Pods-cravethruTests.release.xcconfig"; sourceTree = "<group>"; };
		7415D7AE9CE336CBC7393ED4 /* Pods-cravethru.debug.xcconfig */ = {isa = PBXFileReference; includeInIndex = 1; lastKnownFileType = text.xcconfig; name = "Pods-cravethru.debug.xcconfig"; path = "Pods/Target Support Files/Pods-cravethru/Pods-cravethru.debug.xcconfig"; sourceTree = "<group>"; };
		85554DC2CE24DF908B96EB40 /* Pods_cravethruTests.framework */ = {isa = PBXFileReference; explicitFileType = wrapper.framework; includeInIndex = 0; path = Pods_cravethruTests.framework; sourceTree = BUILT_PRODUCTS_DIR; };
		A0F9172B4C0596E997EE4B25 /* Pods-cravethruUITests.release.xcconfig */ = {isa = PBXFileReference; includeInIndex = 1; lastKnownFileType = text.xcconfig; name = "Pods-cravethruUITests.release.xcconfig"; path = "Pods/Target Support Files/Pods-cravethruUITests/Pods-cravethruUITests.release.xcconfig"; sourceTree = "<group>"; };
		CCF759626E243BCEEB45C4D2 /* Pods_cravethruUITests.framework */ = {isa = PBXFileReference; explicitFileType = wrapper.framework; includeInIndex = 0; path = Pods_cravethruUITests.framework; sourceTree = BUILT_PRODUCTS_DIR; };
		F63A77B34BC579436491B7E2 /* Pods_cravethru.framework */ = {isa = PBXFileReference; explicitFileType = wrapper.framework; includeInIndex = 0; path = Pods_cravethru.framework; sourceTree = BUILT_PRODUCTS_DIR; };
		FF92EF3677E6DF2C5253CAA4 /* Pods-cravethruTests.debug.xcconfig */ = {isa = PBXFileReference; includeInIndex = 1; lastKnownFileType = text.xcconfig; name = "Pods-cravethruTests.debug.xcconfig"; path = "Pods/Target Support Files/Pods-cravethruTests/Pods-cravethruTests.debug.xcconfig"; sourceTree = "<group>"; };
/* End PBXFileReference section */

/* Begin PBXFrameworksBuildPhase section */
		286B472022D293D9007E3C51 /* Frameworks */ = {
			isa = PBXFrameworksBuildPhase;
			buildActionMask = 2147483647;
			files = (
				138683A68560DCEC754788A0 /* Pods_cravethru.framework in Frameworks */,
			);
			runOnlyForDeploymentPostprocessing = 0;
		};
		286B473422D293DA007E3C51 /* Frameworks */ = {
			isa = PBXFrameworksBuildPhase;
			buildActionMask = 2147483647;
			files = (
				208E8EB496D79A243DD44F58 /* Pods_cravethruTests.framework in Frameworks */,
			);
			runOnlyForDeploymentPostprocessing = 0;
		};
		286B473F22D293DA007E3C51 /* Frameworks */ = {
			isa = PBXFrameworksBuildPhase;
			buildActionMask = 2147483647;
			files = (
				4213BB8EBC6C81476531A06D /* Pods_cravethruUITests.framework in Frameworks */,
			);
			runOnlyForDeploymentPostprocessing = 0;
		};
/* End PBXFrameworksBuildPhase section */

/* Begin PBXGroup section */
		280775BE22ED2A7600167F51 /* Maps */ = {
			isa = PBXGroup;
			children = (
				280775C422ED2AF800167F51 /* TableView */,
				280775BF22ED2AD900167F51 /* TableViewCell */,
				286B475422D29DF4007E3C51 /* Maps.storyboard */,
				286B476222DFFD9F007E3C51 /* MapsViewController.swift */,
			);
			path = Maps;
			sourceTree = "<group>";
		};
		280775BF22ED2AD900167F51 /* TableViewCell */ = {
			isa = PBXGroup;
			children = (
				280775C122ED2AF200167F51 /* BottomSheetTableViewCell.xib */,
				280775C022ED2AF200167F51 /* BottomSheetTableViewCell.swift */,
			);
			path = TableViewCell;
			sourceTree = "<group>";
		};
		280775C422ED2AF800167F51 /* TableView */ = {
			isa = PBXGroup;
			children = (
				286B476522DFFDE7007E3C51 /* BottomSheetViewController.xib */,
				286B476422DFFDE7007E3C51 /* BottomSheetViewController.swift */,
			);
			path = TableView;
			sourceTree = "<group>";
		};
		286B471A22D293D9007E3C51 = {
			isa = PBXGroup;
			children = (
				286B472522D293D9007E3C51 /* cravethru */,
				286B473A22D293DA007E3C51 /* cravethruTests */,
				286B474522D293DA007E3C51 /* cravethruUITests */,
				286B472422D293D9007E3C51 /* Products */,
				63F7429F1674CB38B898516C /* Pods */,
				35F400BDA691C4C783921BF7 /* Frameworks */,
			);
			sourceTree = "<group>";
		};
		286B472422D293D9007E3C51 /* Products */ = {
			isa = PBXGroup;
			children = (
				286B472322D293D9007E3C51 /* cravethru.app */,
				286B473722D293DA007E3C51 /* cravethruTests.xctest */,
				286B474222D293DA007E3C51 /* cravethruUITests.xctest */,
			);
			name = Products;
			sourceTree = "<group>";
		};
		286B472522D293D9007E3C51 /* cravethru */ = {
			isa = PBXGroup;
			children = (
				28E98CF722F79AED0024466F /* APICaller */,
				1DA8026522F0D7DE001815BB /* GoogleService-Info.plist */,
				286B472622D293D9007E3C51 /* AppDelegate.swift */,
				1D7B60EE22DCE3160098DBB0 /* Login.storyboard */,
				1D95D5D922FA43EF00494312 /* HomeViewController.swift */,
				1DA270EF22F0BED5008B32A2 /* SignUpViewController.swift */,
				1DA270ED22F0BEA7008B32A2 /* LoginViewController.swift */,
				1DA270EB22EF8651008B32A2 /* SignUp.storyboard */,
				286B472A22D293D9007E3C51 /* Home.storyboard */,
				1DA8026622FA16A9001815BB /* TinderCard.swift */,
				280775BE22ED2A7600167F51 /* Maps */,
				286B472D22D293DA007E3C51 /* Assets.xcassets */,
				286B472F22D293DA007E3C51 /* LaunchScreen.storyboard */,
				286B473222D293DA007E3C51 /* Info.plist */,
			);
			path = cravethru;
			sourceTree = "<group>";
		};
		286B473A22D293DA007E3C51 /* cravethruTests */ = {
			isa = PBXGroup;
			children = (
				286B473B22D293DA007E3C51 /* cravethruTests.swift */,
				286B473D22D293DA007E3C51 /* Info.plist */,
			);
			path = cravethruTests;
			sourceTree = "<group>";
		};
		286B474522D293DA007E3C51 /* cravethruUITests */ = {
			isa = PBXGroup;
			children = (
				286B474622D293DA007E3C51 /* cravethruUITests.swift */,
				286B474822D293DA007E3C51 /* Info.plist */,
			);
			path = cravethruUITests;
			sourceTree = "<group>";
		};
		28E98CF722F79AED0024466F /* APICaller */ = {
			isa = PBXGroup;
			children = (
				28E98CF822F79AED0024466F /* YelpAPI.swift */,
			);
			path = APICaller;
			sourceTree = "<group>";
		};
		35F400BDA691C4C783921BF7 /* Frameworks */ = {
			isa = PBXGroup;
			children = (
				F63A77B34BC579436491B7E2 /* Pods_cravethru.framework */,
				85554DC2CE24DF908B96EB40 /* Pods_cravethruTests.framework */,
				CCF759626E243BCEEB45C4D2 /* Pods_cravethruUITests.framework */,
			);
			name = Frameworks;
			sourceTree = "<group>";
		};
		63F7429F1674CB38B898516C /* Pods */ = {
			isa = PBXGroup;
			children = (
				7415D7AE9CE336CBC7393ED4 /* Pods-cravethru.debug.xcconfig */,
				060E8714B949883088F79063 /* Pods-cravethru.release.xcconfig */,
				FF92EF3677E6DF2C5253CAA4 /* Pods-cravethruTests.debug.xcconfig */,
				529FA672A6F2C6682E06DCAD /* Pods-cravethruTests.release.xcconfig */,
				4067829F8A601F9C2DEA1BFF /* Pods-cravethruUITests.debug.xcconfig */,
				A0F9172B4C0596E997EE4B25 /* Pods-cravethruUITests.release.xcconfig */,
			);
			name = Pods;
			sourceTree = "<group>";
		};
/* End PBXGroup section */

/* Begin PBXNativeTarget section */
		286B472222D293D9007E3C51 /* cravethru */ = {
			isa = PBXNativeTarget;
			buildConfigurationList = 286B474B22D293DA007E3C51 /* Build configuration list for PBXNativeTarget "cravethru" */;
			buildPhases = (
				9471BE01F07709D75891AD0E /* [CP] Check Pods Manifest.lock */,
				286B471F22D293D9007E3C51 /* Sources */,
				286B472022D293D9007E3C51 /* Frameworks */,
				286B472122D293D9007E3C51 /* Resources */,
				3185294028C046C4EF7D461A /* [CP] Embed Pods Frameworks */,
			);
			buildRules = (
			);
			dependencies = (
			);
			name = cravethru;
			productName = cravethru;
			productReference = 286B472322D293D9007E3C51 /* cravethru.app */;
			productType = "com.apple.product-type.application";
		};
		286B473622D293DA007E3C51 /* cravethruTests */ = {
			isa = PBXNativeTarget;
			buildConfigurationList = 286B474E22D293DA007E3C51 /* Build configuration list for PBXNativeTarget "cravethruTests" */;
			buildPhases = (
				7ADF9A35FA1A8586FFA29D0D /* [CP] Check Pods Manifest.lock */,
				286B473322D293DA007E3C51 /* Sources */,
				286B473422D293DA007E3C51 /* Frameworks */,
				286B473522D293DA007E3C51 /* Resources */,
			);
			buildRules = (
			);
			dependencies = (
				286B473922D293DA007E3C51 /* PBXTargetDependency */,
			);
			name = cravethruTests;
			productName = cravethruTests;
			productReference = 286B473722D293DA007E3C51 /* cravethruTests.xctest */;
			productType = "com.apple.product-type.bundle.unit-test";
		};
		286B474122D293DA007E3C51 /* cravethruUITests */ = {
			isa = PBXNativeTarget;
			buildConfigurationList = 286B475122D293DA007E3C51 /* Build configuration list for PBXNativeTarget "cravethruUITests" */;
			buildPhases = (
				F7A473580924E1A6AEA1360F /* [CP] Check Pods Manifest.lock */,
				286B473E22D293DA007E3C51 /* Sources */,
				286B473F22D293DA007E3C51 /* Frameworks */,
				286B474022D293DA007E3C51 /* Resources */,
			);
			buildRules = (
			);
			dependencies = (
				286B474422D293DA007E3C51 /* PBXTargetDependency */,
			);
			name = cravethruUITests;
			productName = cravethruUITests;
			productReference = 286B474222D293DA007E3C51 /* cravethruUITests.xctest */;
			productType = "com.apple.product-type.bundle.ui-testing";
		};
/* End PBXNativeTarget section */

/* Begin PBXProject section */
		286B471B22D293D9007E3C51 /* Project object */ = {
			isa = PBXProject;
			attributes = {
				LastSwiftUpdateCheck = 1020;
				LastUpgradeCheck = 1020;
				ORGANIZATIONNAME = "Raymond Esteybar";
				TargetAttributes = {
					286B472222D293D9007E3C51 = {
						CreatedOnToolsVersion = 10.2.1;
					};
					286B473622D293DA007E3C51 = {
						CreatedOnToolsVersion = 10.2.1;
						TestTargetID = 286B472222D293D9007E3C51;
					};
					286B474122D293DA007E3C51 = {
						CreatedOnToolsVersion = 10.2.1;
						TestTargetID = 286B472222D293D9007E3C51;
					};
				};
			};
			buildConfigurationList = 286B471E22D293D9007E3C51 /* Build configuration list for PBXProject "cravethru" */;
			compatibilityVersion = "Xcode 9.3";
			developmentRegion = en;
			hasScannedForEncodings = 0;
			knownRegions = (
				en,
				Base,
			);
			mainGroup = 286B471A22D293D9007E3C51;
			productRefGroup = 286B472422D293D9007E3C51 /* Products */;
			projectDirPath = "";
			projectRoot = "";
			targets = (
				286B472222D293D9007E3C51 /* cravethru */,
				286B473622D293DA007E3C51 /* cravethruTests */,
				286B474122D293DA007E3C51 /* cravethruUITests */,
			);
		};
/* End PBXProject section */

/* Begin PBXResourcesBuildPhase section */
		286B472122D293D9007E3C51 /* Resources */ = {
			isa = PBXResourcesBuildPhase;
			buildActionMask = 2147483647;
			files = (
				1DA270EC22EF8651008B32A2 /* SignUp.storyboard in Resources */,
				28C1F96222E0FE290077B2CA /* Login.storyboard in Resources */,
				1DA8026322F0D7DE001815BB /* GoogleService-Info.plist in Resources */,
				286B473122D293DA007E3C51 /* LaunchScreen.storyboard in Resources */,
				286B476722DFFDE7007E3C51 /* BottomSheetViewController.xib in Resources */,
				286B472E22D293DA007E3C51 /* Assets.xcassets in Resources */,
				286B472C22D293D9007E3C51 /* Home.storyboard in Resources */,
				280775C322ED2AF200167F51 /* BottomSheetTableViewCell.xib in Resources */,
				286B475522D29DF4007E3C51 /* Maps.storyboard in Resources */,
			);
			runOnlyForDeploymentPostprocessing = 0;
		};
		286B473522D293DA007E3C51 /* Resources */ = {
			isa = PBXResourcesBuildPhase;
			buildActionMask = 2147483647;
			files = (
			);
			runOnlyForDeploymentPostprocessing = 0;
		};
		286B474022D293DA007E3C51 /* Resources */ = {
			isa = PBXResourcesBuildPhase;
			buildActionMask = 2147483647;
			files = (
			);
			runOnlyForDeploymentPostprocessing = 0;
		};
/* End PBXResourcesBuildPhase section */

/* Begin PBXShellScriptBuildPhase section */
		3185294028C046C4EF7D461A /* [CP] Embed Pods Frameworks */ = {
			isa = PBXShellScriptBuildPhase;
			buildActionMask = 2147483647;
			files = (
			);
			inputFileListPaths = (
			);
			inputPaths = (
				"${SRCROOT}/Pods/Target Support Files/Pods-cravethru/Pods-cravethru-frameworks.sh",
				"${BUILT_PRODUCTS_DIR}/Alamofire/Alamofire.framework",
				"${BUILT_PRODUCTS_DIR}/AlamofireImage/AlamofireImage.framework",
				"${BUILT_PRODUCTS_DIR}/BoringSSL-GRPC/openssl_grpc.framework",
				"${BUILT_PRODUCTS_DIR}/GTMSessionFetcher/GTMSessionFetcher.framework",
				"${BUILT_PRODUCTS_DIR}/GoogleUtilities/GoogleUtilities.framework",
				"${BUILT_PRODUCTS_DIR}/Protobuf/Protobuf.framework",
				"${BUILT_PRODUCTS_DIR}/gRPC-C++/grpcpp.framework",
				"${BUILT_PRODUCTS_DIR}/gRPC-Core/grpc.framework",
				"${BUILT_PRODUCTS_DIR}/leveldb-library/leveldb.framework",
				"${BUILT_PRODUCTS_DIR}/nanopb/nanopb.framework",
			);
			name = "[CP] Embed Pods Frameworks";
			outputFileListPaths = (
			);
			outputPaths = (
				"${TARGET_BUILD_DIR}/${FRAMEWORKS_FOLDER_PATH}/Alamofire.framework",
				"${TARGET_BUILD_DIR}/${FRAMEWORKS_FOLDER_PATH}/AlamofireImage.framework",
				"${TARGET_BUILD_DIR}/${FRAMEWORKS_FOLDER_PATH}/openssl_grpc.framework",
				"${TARGET_BUILD_DIR}/${FRAMEWORKS_FOLDER_PATH}/GTMSessionFetcher.framework",
				"${TARGET_BUILD_DIR}/${FRAMEWORKS_FOLDER_PATH}/GoogleUtilities.framework",
				"${TARGET_BUILD_DIR}/${FRAMEWORKS_FOLDER_PATH}/Protobuf.framework",
				"${TARGET_BUILD_DIR}/${FRAMEWORKS_FOLDER_PATH}/grpcpp.framework",
				"${TARGET_BUILD_DIR}/${FRAMEWORKS_FOLDER_PATH}/grpc.framework",
				"${TARGET_BUILD_DIR}/${FRAMEWORKS_FOLDER_PATH}/leveldb.framework",
				"${TARGET_BUILD_DIR}/${FRAMEWORKS_FOLDER_PATH}/nanopb.framework",
			);
			runOnlyForDeploymentPostprocessing = 0;
			shellPath = /bin/sh;
			shellScript = "\"${SRCROOT}/Pods/Target Support Files/Pods-cravethru/Pods-cravethru-frameworks.sh\"\n";
			showEnvVarsInLog = 0;
		};
		7ADF9A35FA1A8586FFA29D0D /* [CP] Check Pods Manifest.lock */ = {
			isa = PBXShellScriptBuildPhase;
			buildActionMask = 2147483647;
			files = (
			);
			inputFileListPaths = (
			);
			inputPaths = (
				"${PODS_PODFILE_DIR_PATH}/Podfile.lock",
				"${PODS_ROOT}/Manifest.lock",
			);
			name = "[CP] Check Pods Manifest.lock";
			outputFileListPaths = (
			);
			outputPaths = (
				"$(DERIVED_FILE_DIR)/Pods-cravethruTests-checkManifestLockResult.txt",
			);
			runOnlyForDeploymentPostprocessing = 0;
			shellPath = /bin/sh;
			shellScript = "diff \"${PODS_PODFILE_DIR_PATH}/Podfile.lock\" \"${PODS_ROOT}/Manifest.lock\" > /dev/null\nif [ $? != 0 ] ; then\n    # print error to STDERR\n    echo \"error: The sandbox is not in sync with the Podfile.lock. Run 'pod install' or update your CocoaPods installation.\" >&2\n    exit 1\nfi\n# This output is used by Xcode 'outputs' to avoid re-running this script phase.\necho \"SUCCESS\" > \"${SCRIPT_OUTPUT_FILE_0}\"\n";
			showEnvVarsInLog = 0;
		};
		9471BE01F07709D75891AD0E /* [CP] Check Pods Manifest.lock */ = {
			isa = PBXShellScriptBuildPhase;
			buildActionMask = 2147483647;
			files = (
			);
			inputFileListPaths = (
			);
			inputPaths = (
				"${PODS_PODFILE_DIR_PATH}/Podfile.lock",
				"${PODS_ROOT}/Manifest.lock",
			);
			name = "[CP] Check Pods Manifest.lock";
			outputFileListPaths = (
			);
			outputPaths = (
				"$(DERIVED_FILE_DIR)/Pods-cravethru-checkManifestLockResult.txt",
			);
			runOnlyForDeploymentPostprocessing = 0;
			shellPath = /bin/sh;
			shellScript = "diff \"${PODS_PODFILE_DIR_PATH}/Podfile.lock\" \"${PODS_ROOT}/Manifest.lock\" > /dev/null\nif [ $? != 0 ] ; then\n    # print error to STDERR\n    echo \"error: The sandbox is not in sync with the Podfile.lock. Run 'pod install' or update your CocoaPods installation.\" >&2\n    exit 1\nfi\n# This output is used by Xcode 'outputs' to avoid re-running this script phase.\necho \"SUCCESS\" > \"${SCRIPT_OUTPUT_FILE_0}\"\n";
			showEnvVarsInLog = 0;
		};
		F7A473580924E1A6AEA1360F /* [CP] Check Pods Manifest.lock */ = {
			isa = PBXShellScriptBuildPhase;
			buildActionMask = 2147483647;
			files = (
			);
			inputFileListPaths = (
			);
			inputPaths = (
				"${PODS_PODFILE_DIR_PATH}/Podfile.lock",
				"${PODS_ROOT}/Manifest.lock",
			);
			name = "[CP] Check Pods Manifest.lock";
			outputFileListPaths = (
			);
			outputPaths = (
				"$(DERIVED_FILE_DIR)/Pods-cravethruUITests-checkManifestLockResult.txt",
			);
			runOnlyForDeploymentPostprocessing = 0;
			shellPath = /bin/sh;
			shellScript = "diff \"${PODS_PODFILE_DIR_PATH}/Podfile.lock\" \"${PODS_ROOT}/Manifest.lock\" > /dev/null\nif [ $? != 0 ] ; then\n    # print error to STDERR\n    echo \"error: The sandbox is not in sync with the Podfile.lock. Run 'pod install' or update your CocoaPods installation.\" >&2\n    exit 1\nfi\n# This output is used by Xcode 'outputs' to avoid re-running this script phase.\necho \"SUCCESS\" > \"${SCRIPT_OUTPUT_FILE_0}\"\n";
			showEnvVarsInLog = 0;
		};
/* End PBXShellScriptBuildPhase section */

/* Begin PBXSourcesBuildPhase section */
		286B471F22D293D9007E3C51 /* Sources */ = {
			isa = PBXSourcesBuildPhase;
			buildActionMask = 2147483647;
			files = (
				1DA270EE22F0BEA7008B32A2 /* LoginViewController.swift in Sources */,
				1DA270F022F0BED5008B32A2 /* SignUpViewController.swift in Sources */,
				286B476322DFFD9F007E3C51 /* MapsViewController.swift in Sources */,
				28E98CF922F79AED0024466F /* YelpAPI.swift in Sources */,
				286B472722D293D9007E3C51 /* AppDelegate.swift in Sources */,
				1D95D5DA22FA43EF00494312 /* HomeViewController.swift in Sources */,
				280775C222ED2AF200167F51 /* BottomSheetTableViewCell.swift in Sources */,
				286B476622DFFDE7007E3C51 /* BottomSheetViewController.swift in Sources */,
				1DA8026722FA16A9001815BB /* TinderCard.swift in Sources */,
			);
			runOnlyForDeploymentPostprocessing = 0;
		};
		286B473322D293DA007E3C51 /* Sources */ = {
			isa = PBXSourcesBuildPhase;
			buildActionMask = 2147483647;
			files = (
				286B473C22D293DA007E3C51 /* cravethruTests.swift in Sources */,
			);
			runOnlyForDeploymentPostprocessing = 0;
		};
		286B473E22D293DA007E3C51 /* Sources */ = {
			isa = PBXSourcesBuildPhase;
			buildActionMask = 2147483647;
			files = (
				286B474722D293DA007E3C51 /* cravethruUITests.swift in Sources */,
			);
			runOnlyForDeploymentPostprocessing = 0;
		};
/* End PBXSourcesBuildPhase section */

/* Begin PBXTargetDependency section */
		286B473922D293DA007E3C51 /* PBXTargetDependency */ = {
			isa = PBXTargetDependency;
			target = 286B472222D293D9007E3C51 /* cravethru */;
			targetProxy = 286B473822D293DA007E3C51 /* PBXContainerItemProxy */;
		};
		286B474422D293DA007E3C51 /* PBXTargetDependency */ = {
			isa = PBXTargetDependency;
			target = 286B472222D293D9007E3C51 /* cravethru */;
			targetProxy = 286B474322D293DA007E3C51 /* PBXContainerItemProxy */;
		};
/* End PBXTargetDependency section */

/* Begin PBXVariantGroup section */
		1DA8026522F0D7DE001815BB /* GoogleService-Info.plist */ = {
			isa = PBXVariantGroup;
			children = (
				1DA8026422F0D7DE001815BB /* Base */,
			);
			name = "GoogleService-Info.plist";
			sourceTree = "<group>";
		};
		286B472A22D293D9007E3C51 /* Home.storyboard */ = {
			isa = PBXVariantGroup;
			children = (
				286B472B22D293D9007E3C51 /* Base */,
			);
			name = Home.storyboard;
			sourceTree = "<group>";
		};
		286B472F22D293DA007E3C51 /* LaunchScreen.storyboard */ = {
			isa = PBXVariantGroup;
			children = (
				286B473022D293DA007E3C51 /* Base */,
			);
			name = LaunchScreen.storyboard;
			sourceTree = "<group>";
		};
/* End PBXVariantGroup section */

/* Begin XCBuildConfiguration section */
		286B474922D293DA007E3C51 /* Debug */ = {
			isa = XCBuildConfiguration;
			buildSettings = {
				ALWAYS_SEARCH_USER_PATHS = NO;
				CLANG_ANALYZER_NONNULL = YES;
				CLANG_ANALYZER_NUMBER_OBJECT_CONVERSION = YES_AGGRESSIVE;
				CLANG_CXX_LANGUAGE_STANDARD = "gnu++14";
				CLANG_CXX_LIBRARY = "libc++";
				CLANG_ENABLE_MODULES = YES;
				CLANG_ENABLE_OBJC_ARC = YES;
				CLANG_ENABLE_OBJC_WEAK = YES;
				CLANG_WARN_BLOCK_CAPTURE_AUTORELEASING = YES;
				CLANG_WARN_BOOL_CONVERSION = YES;
				CLANG_WARN_COMMA = YES;
				CLANG_WARN_CONSTANT_CONVERSION = YES;
				CLANG_WARN_DEPRECATED_OBJC_IMPLEMENTATIONS = YES;
				CLANG_WARN_DIRECT_OBJC_ISA_USAGE = YES_ERROR;
				CLANG_WARN_DOCUMENTATION_COMMENTS = YES;
				CLANG_WARN_EMPTY_BODY = YES;
				CLANG_WARN_ENUM_CONVERSION = YES;
				CLANG_WARN_INFINITE_RECURSION = YES;
				CLANG_WARN_INT_CONVERSION = YES;
				CLANG_WARN_NON_LITERAL_NULL_CONVERSION = YES;
				CLANG_WARN_OBJC_IMPLICIT_RETAIN_SELF = YES;
				CLANG_WARN_OBJC_LITERAL_CONVERSION = YES;
				CLANG_WARN_OBJC_ROOT_CLASS = YES_ERROR;
				CLANG_WARN_RANGE_LOOP_ANALYSIS = YES;
				CLANG_WARN_STRICT_PROTOTYPES = YES;
				CLANG_WARN_SUSPICIOUS_MOVE = YES;
				CLANG_WARN_UNGUARDED_AVAILABILITY = YES_AGGRESSIVE;
				CLANG_WARN_UNREACHABLE_CODE = YES;
				CLANG_WARN__DUPLICATE_METHOD_MATCH = YES;
				CODE_SIGN_IDENTITY = "iPhone Developer";
				COPY_PHASE_STRIP = NO;
				DEBUG_INFORMATION_FORMAT = dwarf;
				ENABLE_STRICT_OBJC_MSGSEND = YES;
				ENABLE_TESTABILITY = YES;
				GCC_C_LANGUAGE_STANDARD = gnu11;
				GCC_DYNAMIC_NO_PIC = NO;
				GCC_NO_COMMON_BLOCKS = YES;
				GCC_OPTIMIZATION_LEVEL = 0;
				GCC_PREPROCESSOR_DEFINITIONS = (
					"DEBUG=1",
					"$(inherited)",
				);
				GCC_WARN_64_TO_32_BIT_CONVERSION = YES;
				GCC_WARN_ABOUT_RETURN_TYPE = YES_ERROR;
				GCC_WARN_UNDECLARED_SELECTOR = YES;
				GCC_WARN_UNINITIALIZED_AUTOS = YES_AGGRESSIVE;
				GCC_WARN_UNUSED_FUNCTION = YES;
				GCC_WARN_UNUSED_VARIABLE = YES;
				IPHONEOS_DEPLOYMENT_TARGET = 12.2;
				MTL_ENABLE_DEBUG_INFO = INCLUDE_SOURCE;
				MTL_FAST_MATH = YES;
				ONLY_ACTIVE_ARCH = YES;
				SDKROOT = iphoneos;
				SWIFT_ACTIVE_COMPILATION_CONDITIONS = DEBUG;
				SWIFT_OPTIMIZATION_LEVEL = "-Onone";
			};
			name = Debug;
		};
		286B474A22D293DA007E3C51 /* Release */ = {
			isa = XCBuildConfiguration;
			buildSettings = {
				ALWAYS_SEARCH_USER_PATHS = NO;
				CLANG_ANALYZER_NONNULL = YES;
				CLANG_ANALYZER_NUMBER_OBJECT_CONVERSION = YES_AGGRESSIVE;
				CLANG_CXX_LANGUAGE_STANDARD = "gnu++14";
				CLANG_CXX_LIBRARY = "libc++";
				CLANG_ENABLE_MODULES = YES;
				CLANG_ENABLE_OBJC_ARC = YES;
				CLANG_ENABLE_OBJC_WEAK = YES;
				CLANG_WARN_BLOCK_CAPTURE_AUTORELEASING = YES;
				CLANG_WARN_BOOL_CONVERSION = YES;
				CLANG_WARN_COMMA = YES;
				CLANG_WARN_CONSTANT_CONVERSION = YES;
				CLANG_WARN_DEPRECATED_OBJC_IMPLEMENTATIONS = YES;
				CLANG_WARN_DIRECT_OBJC_ISA_USAGE = YES_ERROR;
				CLANG_WARN_DOCUMENTATION_COMMENTS = YES;
				CLANG_WARN_EMPTY_BODY = YES;
				CLANG_WARN_ENUM_CONVERSION = YES;
				CLANG_WARN_INFINITE_RECURSION = YES;
				CLANG_WARN_INT_CONVERSION = YES;
				CLANG_WARN_NON_LITERAL_NULL_CONVERSION = YES;
				CLANG_WARN_OBJC_IMPLICIT_RETAIN_SELF = YES;
				CLANG_WARN_OBJC_LITERAL_CONVERSION = YES;
				CLANG_WARN_OBJC_ROOT_CLASS = YES_ERROR;
				CLANG_WARN_RANGE_LOOP_ANALYSIS = YES;
				CLANG_WARN_STRICT_PROTOTYPES = YES;
				CLANG_WARN_SUSPICIOUS_MOVE = YES;
				CLANG_WARN_UNGUARDED_AVAILABILITY = YES_AGGRESSIVE;
				CLANG_WARN_UNREACHABLE_CODE = YES;
				CLANG_WARN__DUPLICATE_METHOD_MATCH = YES;
				CODE_SIGN_IDENTITY = "iPhone Developer";
				COPY_PHASE_STRIP = NO;
				DEBUG_INFORMATION_FORMAT = "dwarf-with-dsym";
				ENABLE_NS_ASSERTIONS = NO;
				ENABLE_STRICT_OBJC_MSGSEND = YES;
				GCC_C_LANGUAGE_STANDARD = gnu11;
				GCC_NO_COMMON_BLOCKS = YES;
				GCC_WARN_64_TO_32_BIT_CONVERSION = YES;
				GCC_WARN_ABOUT_RETURN_TYPE = YES_ERROR;
				GCC_WARN_UNDECLARED_SELECTOR = YES;
				GCC_WARN_UNINITIALIZED_AUTOS = YES_AGGRESSIVE;
				GCC_WARN_UNUSED_FUNCTION = YES;
				GCC_WARN_UNUSED_VARIABLE = YES;
				IPHONEOS_DEPLOYMENT_TARGET = 12.2;
				MTL_ENABLE_DEBUG_INFO = NO;
				MTL_FAST_MATH = YES;
				SDKROOT = iphoneos;
				SWIFT_COMPILATION_MODE = wholemodule;
				SWIFT_OPTIMIZATION_LEVEL = "-O";
				VALIDATE_PRODUCT = YES;
			};
			name = Release;
		};
		286B474C22D293DA007E3C51 /* Debug */ = {
			isa = XCBuildConfiguration;
			baseConfigurationReference = 7415D7AE9CE336CBC7393ED4 /* Pods-cravethru.debug.xcconfig */;
			buildSettings = {
				ASSETCATALOG_COMPILER_APPICON_NAME = AppIcon;
				CODE_SIGN_STYLE = Automatic;
				DEVELOPMENT_TEAM = N9Y9W3KCSA;
				INFOPLIST_FILE = cravethru/Info.plist;
				IPHONEOS_DEPLOYMENT_TARGET = 12.2;
				LD_RUNPATH_SEARCH_PATHS = (
					"$(inherited)",
					"@executable_path/Frameworks",
				);
				PRODUCT_BUNDLE_IDENTIFIER = "those-app-guys.cravethru";
				PRODUCT_NAME = "$(TARGET_NAME)";
				SWIFT_VERSION = 5.0;
				TARGETED_DEVICE_FAMILY = "1,2";
			};
			name = Debug;
		};
		286B474D22D293DA007E3C51 /* Release */ = {
			isa = XCBuildConfiguration;
			baseConfigurationReference = 060E8714B949883088F79063 /* Pods-cravethru.release.xcconfig */;
			buildSettings = {
				ASSETCATALOG_COMPILER_APPICON_NAME = AppIcon;
				CODE_SIGN_STYLE = Automatic;
				DEVELOPMENT_TEAM = N9Y9W3KCSA;
				INFOPLIST_FILE = cravethru/Info.plist;
				IPHONEOS_DEPLOYMENT_TARGET = 12.2;
				LD_RUNPATH_SEARCH_PATHS = (
					"$(inherited)",
					"@executable_path/Frameworks",
				);
				PRODUCT_BUNDLE_IDENTIFIER = "those-app-guys.cravethru";
				PRODUCT_NAME = "$(TARGET_NAME)";
				SWIFT_VERSION = 5.0;
				TARGETED_DEVICE_FAMILY = "1,2";
			};
			name = Release;
		};
		286B474F22D293DA007E3C51 /* Debug */ = {
			isa = XCBuildConfiguration;
			baseConfigurationReference = FF92EF3677E6DF2C5253CAA4 /* Pods-cravethruTests.debug.xcconfig */;
			buildSettings = {
				ALWAYS_EMBED_SWIFT_STANDARD_LIBRARIES = YES;
				BUNDLE_LOADER = "$(TEST_HOST)";
				CODE_SIGN_STYLE = Automatic;
				DEVELOPMENT_TEAM = HYUR38GUTQ;
				INFOPLIST_FILE = cravethruTests/Info.plist;
				LD_RUNPATH_SEARCH_PATHS = (
					"$(inherited)",
					"@executable_path/Frameworks",
					"@loader_path/Frameworks",
				);
				PRODUCT_BUNDLE_IDENTIFIER = "those-app-guys.cravethruTests";
				PRODUCT_NAME = "$(TARGET_NAME)";
				SWIFT_VERSION = 5.0;
				TARGETED_DEVICE_FAMILY = "1,2";
				TEST_HOST = "$(BUILT_PRODUCTS_DIR)/cravethru.app/cravethru";
			};
			name = Debug;
		};
		286B475022D293DA007E3C51 /* Release */ = {
			isa = XCBuildConfiguration;
			baseConfigurationReference = 529FA672A6F2C6682E06DCAD /* Pods-cravethruTests.release.xcconfig */;
			buildSettings = {
				ALWAYS_EMBED_SWIFT_STANDARD_LIBRARIES = YES;
				BUNDLE_LOADER = "$(TEST_HOST)";
				CODE_SIGN_STYLE = Automatic;
				DEVELOPMENT_TEAM = HYUR38GUTQ;
				INFOPLIST_FILE = cravethruTests/Info.plist;
				LD_RUNPATH_SEARCH_PATHS = (
					"$(inherited)",
					"@executable_path/Frameworks",
					"@loader_path/Frameworks",
				);
				PRODUCT_BUNDLE_IDENTIFIER = "those-app-guys.cravethruTests";
				PRODUCT_NAME = "$(TARGET_NAME)";
				SWIFT_VERSION = 5.0;
				TARGETED_DEVICE_FAMILY = "1,2";
				TEST_HOST = "$(BUILT_PRODUCTS_DIR)/cravethru.app/cravethru";
			};
			name = Release;
		};
		286B475222D293DA007E3C51 /* Debug */ = {
			isa = XCBuildConfiguration;
			baseConfigurationReference = 4067829F8A601F9C2DEA1BFF /* Pods-cravethruUITests.debug.xcconfig */;
			buildSettings = {
				ALWAYS_EMBED_SWIFT_STANDARD_LIBRARIES = YES;
				CODE_SIGN_STYLE = Automatic;
				DEVELOPMENT_TEAM = HYUR38GUTQ;
				INFOPLIST_FILE = cravethruUITests/Info.plist;
				LD_RUNPATH_SEARCH_PATHS = (
					"$(inherited)",
					"@executable_path/Frameworks",
					"@loader_path/Frameworks",
				);
				PRODUCT_BUNDLE_IDENTIFIER = "those-app-guys.cravethruUITests";
				PRODUCT_NAME = "$(TARGET_NAME)";
				SWIFT_VERSION = 5.0;
				TARGETED_DEVICE_FAMILY = "1,2";
				TEST_TARGET_NAME = cravethru;
			};
			name = Debug;
		};
		286B475322D293DA007E3C51 /* Release */ = {
			isa = XCBuildConfiguration;
			baseConfigurationReference = A0F9172B4C0596E997EE4B25 /* Pods-cravethruUITests.release.xcconfig */;
			buildSettings = {
				ALWAYS_EMBED_SWIFT_STANDARD_LIBRARIES = YES;
				CODE_SIGN_STYLE = Automatic;
				DEVELOPMENT_TEAM = HYUR38GUTQ;
				INFOPLIST_FILE = cravethruUITests/Info.plist;
				LD_RUNPATH_SEARCH_PATHS = (
					"$(inherited)",
					"@executable_path/Frameworks",
					"@loader_path/Frameworks",
				);
				PRODUCT_BUNDLE_IDENTIFIER = "those-app-guys.cravethruUITests";
				PRODUCT_NAME = "$(TARGET_NAME)";
				SWIFT_VERSION = 5.0;
				TARGETED_DEVICE_FAMILY = "1,2";
				TEST_TARGET_NAME = cravethru;
			};
			name = Release;
		};
/* End XCBuildConfiguration section */

/* Begin XCConfigurationList section */
		286B471E22D293D9007E3C51 /* Build configuration list for PBXProject "cravethru" */ = {
			isa = XCConfigurationList;
			buildConfigurations = (
				286B474922D293DA007E3C51 /* Debug */,
				286B474A22D293DA007E3C51 /* Release */,
			);
			defaultConfigurationIsVisible = 0;
			defaultConfigurationName = Release;
		};
		286B474B22D293DA007E3C51 /* Build configuration list for PBXNativeTarget "cravethru" */ = {
			isa = XCConfigurationList;
			buildConfigurations = (
				286B474C22D293DA007E3C51 /* Debug */,
				286B474D22D293DA007E3C51 /* Release */,
			);
			defaultConfigurationIsVisible = 0;
			defaultConfigurationName = Release;
		};
		286B474E22D293DA007E3C51 /* Build configuration list for PBXNativeTarget "cravethruTests" */ = {
			isa = XCConfigurationList;
			buildConfigurations = (
				286B474F22D293DA007E3C51 /* Debug */,
				286B475022D293DA007E3C51 /* Release */,
			);
			defaultConfigurationIsVisible = 0;
			defaultConfigurationName = Release;
		};
		286B475122D293DA007E3C51 /* Build configuration list for PBXNativeTarget "cravethruUITests" */ = {
			isa = XCConfigurationList;
			buildConfigurations = (
				286B475222D293DA007E3C51 /* Debug */,
				286B475322D293DA007E3C51 /* Release */,
			);
			defaultConfigurationIsVisible = 0;
			defaultConfigurationName = Release;
		};
/* End XCConfigurationList section */
	};
	rootObject = 286B471B22D293D9007E3C51 /* Project object */;
}
